
Microsoft Visual Studio Solution File, Format Version 12.00
# Visual Studio 14
VisualStudioVersion = 14.0.25420.1
MinimumVisualStudioVersion = 10.0.40219.1
Project("{2150E333-8FDC-42A3-9474-1A3956D46DE8}") = "src", "src", "{DC4A5B99-DCB2-408F-B9B1-0C8C56D140A4}"
EndProject
Project("{2150E333-8FDC-42A3-9474-1A3956D46DE8}") = "Solution Items", "Solution Items", "{DD667A5F-1406-4DED-9648-65637FBFA7A7}"
	ProjectSection(SolutionItems) = preProject
		global.json = global.json
	EndProjectSection
EndProject
Project("{8BB2217D-0F2D-49D1-97BC-3654ED321F3B}") = "ConsoleApp2", "src\ConsoleApp2\ConsoleApp2.xproj", "{50351709-49CF-4139-862D-2BE4E83DB237}"
EndProject
Global
	GlobalSection(SolutionConfigurationPlatforms) = preSolution
		Debug|Any CPU = Debug|Any CPU
		Release|Any CPU = Release|Any CPU
	EndGlobalSection
	GlobalSection(ProjectConfigurationPlatforms) = postSolution
		{50351709-49CF-4139-862D-2BE4E83DB237}.Debug|Any CPU.ActiveCfg = Debug|Any CPU
		{50351709-49CF-4139-862D-2BE4E83DB237}.Debug|Any CPU.Build.0 = Debug|Any CPU
		{50351709-49CF-4139-862D-2BE4E83DB237}.Release|Any CPU.ActiveCfg = Release|Any CPU
		{50351709-49CF-4139-862D-2BE4E83DB237}.Release|Any CPU.Build.0 = Release|Any CPU
	EndGlobalSection
	GlobalSection(SolutionProperties) = preSolution
		HideSolutionNode = FALSE
	EndGlobalSection
	GlobalSection(NestedProjects) = preSolution
		{50351709-49CF-4139-862D-2BE4E83DB237} = {DC4A5B99-DCB2-408F-B9B1-0C8C56D140A4}
	EndGlobalSection
EndGlobal
